<?xml version="1.0" encoding="UTF-8"?>
<Project ToolsVersion="14.0" xmlns="http://schemas.microsoft.com/developer/msbuild/2003">
  <ItemGroup>
    <ClCompile Include="D:\Google Drive\University\Git\ICP3038\Lab 1\src\task1.cpp">
      <Filter>Source Files</Filter>
    </ClCompile>
  </ItemGroup>
  <ItemGroup>
    <CustomBuild Include="D:\Google Drive\University\Git\ICP3038\Lab 1\cmake\CMakeLists.txt" />
  </ItemGroup>
  <ItemGroup>
    <Filter Include="Source Files">
      <UniqueIdentifier>{EF466A45-65D5-3F3A-86A4-3F58667B8A12}</UniqueIdentifier>
    </Filter>
  </ItemGroup>
</Project>
